
Microsoft Visual Studio Solution File, Format Version 12.00
# Visual Studio 15
VisualStudioVersion = 15.0.27130.2036
MinimumVisualStudioVersion = 10.0.40219.1
Project("{9A19103F-16F7-4668-BE54-9A1E7A4F7556}") = "GLPM.TechnicalAnalysis", "GLPM.TechnicalAnalysis\GLPM.TechnicalAnalysis.csproj", "{AE28059B-2495-4229-A90E-5CE9D70334D3}"
EndProject
Project("{9A19103F-16F7-4668-BE54-9A1E7A4F7556}") = "GLPM.TechnicalAnalysis.Tests", "GLPM.TechnicalAnalysis.Tests\GLPM.TechnicalAnalysis.Tests.csproj", "{C97086EA-24C1-4910-85DE-E6BB3628643D}"
EndProject
Project("{9A19103F-16F7-4668-BE54-9A1E7A4F7556}") = "GLPM.TechnicalAnalysis.Business", "GLPM.TechnicalAnalysis.Business\GLPM.TechnicalAnalysis.Business.csproj", "{1B502872-CE67-4944-B363-D3EF980F9C8E}"
EndProject
Project("{FAE04EC0-301F-11D3-BF4B-00C04F79EFBC}") = "GLPM.TechnicalAnalysis.Ui.Cli", "GLPM.TechnicalAnalysis.Ui.Cli\GLPM.TechnicalAnalysis.Ui.Cli.csproj", "{C63CB755-A44D-46D9-84BC-A3CE68D17359}"
EndProject
Global
	GlobalSection(SolutionConfigurationPlatforms) = preSolution
		Debug|Any CPU = Debug|Any CPU
		Debug|x86 = Debug|x86
		Release|Any CPU = Release|Any CPU
		Release|x86 = Release|x86
	EndGlobalSection
	GlobalSection(ProjectConfigurationPlatforms) = postSolution
		{AE28059B-2495-4229-A90E-5CE9D70334D3}.Debug|Any CPU.ActiveCfg = Debug|Any CPU
		{AE28059B-2495-4229-A90E-5CE9D70334D3}.Debug|Any CPU.Build.0 = Debug|Any CPU
		{AE28059B-2495-4229-A90E-5CE9D70334D3}.Debug|x86.ActiveCfg = Debug|Any CPU
		{AE28059B-2495-4229-A90E-5CE9D70334D3}.Debug|x86.Build.0 = Debug|Any CPU
		{AE28059B-2495-4229-A90E-5CE9D70334D3}.Release|Any CPU.ActiveCfg = Release|Any CPU
		{AE28059B-2495-4229-A90E-5CE9D70334D3}.Release|Any CPU.Build.0 = Release|Any CPU
		{AE28059B-2495-4229-A90E-5CE9D70334D3}.Release|x86.ActiveCfg = Release|Any CPU
		{AE28059B-2495-4229-A90E-5CE9D70334D3}.Release|x86.Build.0 = Release|Any CPU
		{C97086EA-24C1-4910-85DE-E6BB3628643D}.Debug|Any CPU.ActiveCfg = Debug|Any CPU
		{C97086EA-24C1-4910-85DE-E6BB3628643D}.Debug|Any CPU.Build.0 = Debug|Any CPU
		{C97086EA-24C1-4910-85DE-E6BB3628643D}.Debug|x86.ActiveCfg = Debug|Any CPU
		{C97086EA-24C1-4910-85DE-E6BB3628643D}.Debug|x86.Build.0 = Debug|Any CPU
		{C97086EA-24C1-4910-85DE-E6BB3628643D}.Release|Any CPU.ActiveCfg = Release|Any CPU
		{C97086EA-24C1-4910-85DE-E6BB3628643D}.Release|Any CPU.Build.0 = Release|Any CPU
		{C97086EA-24C1-4910-85DE-E6BB3628643D}.Release|x86.ActiveCfg = Release|Any CPU
		{C97086EA-24C1-4910-85DE-E6BB3628643D}.Release|x86.Build.0 = Release|Any CPU
		{1B502872-CE67-4944-B363-D3EF980F9C8E}.Debug|Any CPU.ActiveCfg = Debug|Any CPU
		{1B502872-CE67-4944-B363-D3EF980F9C8E}.Debug|Any CPU.Build.0 = Debug|Any CPU
		{1B502872-CE67-4944-B363-D3EF980F9C8E}.Debug|x86.ActiveCfg = Debug|Any CPU
		{1B502872-CE67-4944-B363-D3EF980F9C8E}.Debug|x86.Build.0 = Debug|Any CPU
		{1B502872-CE67-4944-B363-D3EF980F9C8E}.Release|Any CPU.ActiveCfg = Release|Any CPU
		{1B502872-CE67-4944-B363-D3EF980F9C8E}.Release|Any CPU.Build.0 = Release|Any CPU
		{1B502872-CE67-4944-B363-D3EF980F9C8E}.Release|x86.ActiveCfg = Release|Any CPU
		{1B502872-CE67-4944-B363-D3EF980F9C8E}.Release|x86.Build.0 = Release|Any CPU
		{C63CB755-A44D-46D9-84BC-A3CE68D17359}.Debug|Any CPU.ActiveCfg = Debug|Any CPU
		{C63CB755-A44D-46D9-84BC-A3CE68D17359}.Debug|Any CPU.Build.0 = Debug|Any CPU
		{C63CB755-A44D-46D9-84BC-A3CE68D17359}.Debug|x86.ActiveCfg = Debug|Any CPU
		{C63CB755-A44D-46D9-84BC-A3CE68D17359}.Debug|x86.Build.0 = Debug|Any CPU
		{C63CB755-A44D-46D9-84BC-A3CE68D17359}.Release|Any CPU.ActiveCfg = Release|Any CPU
		{C63CB755-A44D-46D9-84BC-A3CE68D17359}.Release|Any CPU.Build.0 = Release|Any CPU
		{C63CB755-A44D-46D9-84BC-A3CE68D17359}.Release|x86.ActiveCfg = Release|Any CPU
		{C63CB755-A44D-46D9-84BC-A3CE68D17359}.Release|x86.Build.0 = Release|Any CPU
	EndGlobalSection
	GlobalSection(SolutionProperties) = preSolution
		HideSolutionNode = FALSE
	EndGlobalSection
	GlobalSection(ExtensibilityGlobals) = postSolution
		SolutionGuid = {1122291B-5129-4C67-94CF-1B89AB8C804A}
	EndGlobalSection
EndGlobal
