
Microsoft Visual Studio Solution File, Format Version 12.00
# Visual Studio 15
VisualStudioVersion = 15.0.27130.2036
MinimumVisualStudioVersion = 10.0.40219.1
Project("{9A19103F-16F7-4668-BE54-9A1E7A4F7556}") = "TechnicalAnalysis", "src\TechnicalAnalysis\TechnicalAnalysis.csproj", "{AE28059B-2495-4229-A90E-5CE9D70334D3}"
EndProject
Project("{2150E333-8FDC-42A3-9474-1A3956D46DE8}") = "src", "src", "{5AEBD15B-4E7E-47F2-B8D9-FEA28EBE87EA}"
	ProjectSection(SolutionItems) = preProject
		src\Directory.Build.props = src\Directory.Build.props
		src\.editorconfig = src\.editorconfig
	EndProjectSection
EndProject
Project("{2150E333-8FDC-42A3-9474-1A3956D46DE8}") = "tests", "tests", "{CC261FDF-BD3D-46D8-9F87-326E86BDEEF2}"
	ProjectSection(SolutionItems) = preProject
		tests\Directory.Build.props = tests\Directory.Build.props
		tests\.editorconfig = tests\.editorconfig
	EndProjectSection
EndProject
Project("{FAE04EC0-301F-11D3-BF4B-00C04F79EFBC}") = "TechnicalAnalysis.Candles", "src\TechnicalAnalysis.Candles\TechnicalAnalysis.Candles.csproj", "{552FF382-7E2F-4566-8DF8-2BA0F752DA36}"
EndProject
Project("{FAE04EC0-301F-11D3-BF4B-00C04F79EFBC}") = "TechnicalAnalysis.Functions", "src\TechnicalAnalysis.Functions\TechnicalAnalysis.Functions.csproj", "{70E407F2-1332-408C-B11F-A64E2A3FFF99}"
EndProject
Project("{FAE04EC0-301F-11D3-BF4B-00C04F79EFBC}") = "TechnicalAnalysis.Common", "src\TechnicalAnalysis.Common\TechnicalAnalysis.Common.csproj", "{9F038FE8-EB6F-45D2-A6B4-BBFED44CFBB0}"
EndProject
Project("{FAE04EC0-301F-11D3-BF4B-00C04F79EFBC}") = "TechnicalAnalysis.Candles.UnitTests", "tests\TechnicalAnalysis.Candles.UnitTests\TechnicalAnalysis.Candles.UnitTests.csproj", "{EDB2827E-1163-49E6-9120-FED9E1ABDB62}"
EndProject
Project("{FAE04EC0-301F-11D3-BF4B-00C04F79EFBC}") = "TechnicalAnalysis.Functions.UnitTests", "tests\TechnicalAnalysis.Functions.UnitTests\TechnicalAnalysis.Functions.UnitTests.csproj", "{B1B33276-DEFE-4183-8DEC-D068356BD02A}"
EndProject
Project("{2150E333-8FDC-42A3-9474-1A3956D46DE8}") = "about", "about", "{555F802F-30B4-48A0-96E7-E09603CF6EDE}"
	ProjectSection(SolutionItems) = preProject
		README.md = README.md
		LICENSE = LICENSE
		global.json = global.json
		qodana.yaml = qodana.yaml
		icon.png = icon.png
	EndProjectSection
EndProject
Global
	GlobalSection(SolutionConfigurationPlatforms) = preSolution
		Debug|Any CPU = Debug|Any CPU
		Debug|x86 = Debug|x86
		Release|Any CPU = Release|Any CPU
		Release|x86 = Release|x86
	EndGlobalSection
	GlobalSection(ProjectConfigurationPlatforms) = postSolution
		{AE28059B-2495-4229-A90E-5CE9D70334D3}.Debug|Any CPU.ActiveCfg = Debug|Any CPU
		{AE28059B-2495-4229-A90E-5CE9D70334D3}.Debug|Any CPU.Build.0 = Debug|Any CPU
		{AE28059B-2495-4229-A90E-5CE9D70334D3}.Debug|x86.ActiveCfg = Debug|Any CPU
		{AE28059B-2495-4229-A90E-5CE9D70334D3}.Debug|x86.Build.0 = Debug|Any CPU
		{AE28059B-2495-4229-A90E-5CE9D70334D3}.Release|Any CPU.ActiveCfg = Release|Any CPU
		{AE28059B-2495-4229-A90E-5CE9D70334D3}.Release|Any CPU.Build.0 = Release|Any CPU
		{AE28059B-2495-4229-A90E-5CE9D70334D3}.Release|x86.ActiveCfg = Release|Any CPU
		{AE28059B-2495-4229-A90E-5CE9D70334D3}.Release|x86.Build.0 = Release|Any CPU
		{552FF382-7E2F-4566-8DF8-2BA0F752DA36}.Debug|Any CPU.ActiveCfg = Debug|Any CPU
		{552FF382-7E2F-4566-8DF8-2BA0F752DA36}.Debug|Any CPU.Build.0 = Debug|Any CPU
		{552FF382-7E2F-4566-8DF8-2BA0F752DA36}.Debug|x86.ActiveCfg = Debug|Any CPU
		{552FF382-7E2F-4566-8DF8-2BA0F752DA36}.Debug|x86.Build.0 = Debug|Any CPU
		{552FF382-7E2F-4566-8DF8-2BA0F752DA36}.Release|Any CPU.ActiveCfg = Release|Any CPU
		{552FF382-7E2F-4566-8DF8-2BA0F752DA36}.Release|Any CPU.Build.0 = Release|Any CPU
		{552FF382-7E2F-4566-8DF8-2BA0F752DA36}.Release|x86.ActiveCfg = Release|Any CPU
		{552FF382-7E2F-4566-8DF8-2BA0F752DA36}.Release|x86.Build.0 = Release|Any CPU
		{70E407F2-1332-408C-B11F-A64E2A3FFF99}.Debug|Any CPU.ActiveCfg = Debug|Any CPU
		{70E407F2-1332-408C-B11F-A64E2A3FFF99}.Debug|Any CPU.Build.0 = Debug|Any CPU
		{70E407F2-1332-408C-B11F-A64E2A3FFF99}.Debug|x86.ActiveCfg = Debug|Any CPU
		{70E407F2-1332-408C-B11F-A64E2A3FFF99}.Debug|x86.Build.0 = Debug|Any CPU
		{70E407F2-1332-408C-B11F-A64E2A3FFF99}.Release|Any CPU.ActiveCfg = Release|Any CPU
		{70E407F2-1332-408C-B11F-A64E2A3FFF99}.Release|Any CPU.Build.0 = Release|Any CPU
		{70E407F2-1332-408C-B11F-A64E2A3FFF99}.Release|x86.ActiveCfg = Release|Any CPU
		{70E407F2-1332-408C-B11F-A64E2A3FFF99}.Release|x86.Build.0 = Release|Any CPU
		{9F038FE8-EB6F-45D2-A6B4-BBFED44CFBB0}.Debug|Any CPU.ActiveCfg = Debug|Any CPU
		{9F038FE8-EB6F-45D2-A6B4-BBFED44CFBB0}.Debug|Any CPU.Build.0 = Debug|Any CPU
		{9F038FE8-EB6F-45D2-A6B4-BBFED44CFBB0}.Debug|x86.ActiveCfg = Debug|Any CPU
		{9F038FE8-EB6F-45D2-A6B4-BBFED44CFBB0}.Debug|x86.Build.0 = Debug|Any CPU
		{9F038FE8-EB6F-45D2-A6B4-BBFED44CFBB0}.Release|Any CPU.ActiveCfg = Release|Any CPU
		{9F038FE8-EB6F-45D2-A6B4-BBFED44CFBB0}.Release|Any CPU.Build.0 = Release|Any CPU
		{9F038FE8-EB6F-45D2-A6B4-BBFED44CFBB0}.Release|x86.ActiveCfg = Release|Any CPU
		{9F038FE8-EB6F-45D2-A6B4-BBFED44CFBB0}.Release|x86.Build.0 = Release|Any CPU
		{EDB2827E-1163-49E6-9120-FED9E1ABDB62}.Debug|Any CPU.ActiveCfg = Debug|Any CPU
		{EDB2827E-1163-49E6-9120-FED9E1ABDB62}.Debug|Any CPU.Build.0 = Debug|Any CPU
		{EDB2827E-1163-49E6-9120-FED9E1ABDB62}.Debug|x86.ActiveCfg = Debug|Any CPU
		{EDB2827E-1163-49E6-9120-FED9E1ABDB62}.Debug|x86.Build.0 = Debug|Any CPU
		{EDB2827E-1163-49E6-9120-FED9E1ABDB62}.Release|Any CPU.ActiveCfg = Release|Any CPU
		{EDB2827E-1163-49E6-9120-FED9E1ABDB62}.Release|Any CPU.Build.0 = Release|Any CPU
		{EDB2827E-1163-49E6-9120-FED9E1ABDB62}.Release|x86.ActiveCfg = Release|Any CPU
		{EDB2827E-1163-49E6-9120-FED9E1ABDB62}.Release|x86.Build.0 = Release|Any CPU
		{B1B33276-DEFE-4183-8DEC-D068356BD02A}.Debug|Any CPU.ActiveCfg = Debug|Any CPU
		{B1B33276-DEFE-4183-8DEC-D068356BD02A}.Debug|Any CPU.Build.0 = Debug|Any CPU
		{B1B33276-DEFE-4183-8DEC-D068356BD02A}.Debug|x86.ActiveCfg = Debug|Any CPU
		{B1B33276-DEFE-4183-8DEC-D068356BD02A}.Debug|x86.Build.0 = Debug|Any CPU
		{B1B33276-DEFE-4183-8DEC-D068356BD02A}.Release|Any CPU.ActiveCfg = Release|Any CPU
		{B1B33276-DEFE-4183-8DEC-D068356BD02A}.Release|Any CPU.Build.0 = Release|Any CPU
		{B1B33276-DEFE-4183-8DEC-D068356BD02A}.Release|x86.ActiveCfg = Release|Any CPU
		{B1B33276-DEFE-4183-8DEC-D068356BD02A}.Release|x86.Build.0 = Release|Any CPU
	EndGlobalSection
	GlobalSection(SolutionProperties) = preSolution
		HideSolutionNode = FALSE
	EndGlobalSection
	GlobalSection(ExtensibilityGlobals) = postSolution
		SolutionGuid = {1122291B-5129-4C67-94CF-1B89AB8C804A}
	EndGlobalSection
	GlobalSection(NestedProjects) = preSolution
		{AE28059B-2495-4229-A90E-5CE9D70334D3} = {5AEBD15B-4E7E-47F2-B8D9-FEA28EBE87EA}
		{552FF382-7E2F-4566-8DF8-2BA0F752DA36} = {5AEBD15B-4E7E-47F2-B8D9-FEA28EBE87EA}
		{70E407F2-1332-408C-B11F-A64E2A3FFF99} = {5AEBD15B-4E7E-47F2-B8D9-FEA28EBE87EA}
		{9F038FE8-EB6F-45D2-A6B4-BBFED44CFBB0} = {5AEBD15B-4E7E-47F2-B8D9-FEA28EBE87EA}
		{EDB2827E-1163-49E6-9120-FED9E1ABDB62} = {CC261FDF-BD3D-46D8-9F87-326E86BDEEF2}
		{B1B33276-DEFE-4183-8DEC-D068356BD02A} = {CC261FDF-BD3D-46D8-9F87-326E86BDEEF2}
	EndGlobalSection
EndGlobal
